
Microsoft Visual Studio Solution File, Format Version 12.00
# Visual Studio Version 16
VisualStudioVersion = 16.0.808.3
MinimumVisualStudioVersion = 10.0.40219.1
Project("{FAE04EC0-301F-11D3-BF4B-00C04F79EFBC}") = "MyFirstMVC", "MyFirstMVC\MyFirstMVC.csproj", "{200B0E8D-013E-4DBA-87D5-B7B8CE1D7E4E}"
EndProject
Global
	GlobalSection(SolutionConfigurationPlatforms) = preSolution
		Debug|Any CPU = Debug|Any CPU
		Release|Any CPU = Release|Any CPU
	EndGlobalSection
	GlobalSection(ProjectConfigurationPlatforms) = postSolution
		{200B0E8D-013E-4DBA-87D5-B7B8CE1D7E4E}.Debug|Any CPU.ActiveCfg = Debug|Any CPU
		{200B0E8D-013E-4DBA-87D5-B7B8CE1D7E4E}.Debug|Any CPU.Build.0 = Debug|Any CPU
		{200B0E8D-013E-4DBA-87D5-B7B8CE1D7E4E}.Release|Any CPU.ActiveCfg = Release|Any CPU
		{200B0E8D-013E-4DBA-87D5-B7B8CE1D7E4E}.Release|Any CPU.Build.0 = Release|Any CPU
	EndGlobalSection
	GlobalSection(SolutionProperties) = preSolution
		HideSolutionNode = FALSE
	EndGlobalSection
	GlobalSection(ExtensibilityGlobals) = postSolution
		SolutionGuid = {4923F55E-D9B8-41C4-B99E-3DC402AD5C84}
	EndGlobalSection
EndGlobal
